{
    "version": 3,
    "terraform_version": "0.11.8",
    "serial": 6,
    "lineage": "ae2caa01-2008-fbf5-441e-cf6ddf04f923",
    "modules": [
        {
            "path": [
                "root"
            ],
            "outputs": {},
            "resources": {},
            "depends_on": []
        },
        {
            "path": [
                "root",
                "compute"
            ],
            "outputs": {
                "instance_ocid": {
                    "sensitive": false,
                    "type": "string",
                    "value": "ocid1.instance.oc1.iad.abuwcljrkzza3l5rg56ovlnrl2pjgyimbl6egxgau4fcije3wkbzzxkffpgq"
                }
            },
            "resources": {
                "data.oci_identity_availability_domains.ads": {
                    "type": "oci_identity_availability_domains",
                    "depends_on": [],
                    "primary": {
                        "id": "2018-09-12 23:32:37.435659099 +0000 UTC",
                        "attributes": {
                            "availability_domains.#": "3",
                            "availability_domains.0.compartment_id": "ocid1.tenancy.oc1..aaaaaaaapbugnvmpve6tpdjwgs5hs2c2j7kfydny7lmiyg6vjn6g32ptavaa",
                            "availability_domains.0.name": "qYFq:US-ASHBURN-AD-1",
                            "availability_domains.1.compartment_id": "ocid1.tenancy.oc1..aaaaaaaapbugnvmpve6tpdjwgs5hs2c2j7kfydny7lmiyg6vjn6g32ptavaa",
                            "availability_domains.1.name": "qYFq:US-ASHBURN-AD-2",
                            "availability_domains.2.compartment_id": "ocid1.tenancy.oc1..aaaaaaaapbugnvmpve6tpdjwgs5hs2c2j7kfydny7lmiyg6vjn6g32ptavaa",
                            "availability_domains.2.name": "qYFq:US-ASHBURN-AD-3",
                            "compartment_id": "ocid1.tenancy.oc1..aaaaaaaapbugnvmpve6tpdjwgs5hs2c2j7kfydny7lmiyg6vjn6g32ptavaa",
                            "id": "2018-09-12 23:32:37.435659099 +0000 UTC"
                        },
                        "meta": {},
                        "tainted": false
                    },
                    "deposed": [],
                    "provider": "provider.oci"
                },
                "oci_core_instance.compute_instance": {
                    "type": "oci_core_instance",
                    "depends_on": [
                        "data.oci_identity_availability_domains.ads"
                    ],
                    "primary": {
                        "id": "ocid1.instance.oc1.iad.abuwcljrkzza3l5rg56ovlnrl2pjgyimbl6egxgau4fcije3wkbzzxkffpgq",
                        "attributes": {
                            "availability_domain": "qYFq:US-ASHBURN-AD-1",
                            "boot_volume_id": "ocid1.bootvolume.oc1.iad.abuwcljrbjycalsxtvtamzxccnidpcyi33fujqevujlrwn7z5a2ht6e2etwa",
                            "compartment_id": "ocid1.compartment.oc1..aaaaaaaa6e4vxox2rgi4fyga5a45e3u4pzpsifbo63ldykigdsrzf4ryaaua",
                            "defined_tags.%": "0",
                            "display_name": "Compute_Template",
                            "fault_domain": "FAULT-DOMAIN-2",
                            "freeform_tags.%": "0",
                            "id": "ocid1.instance.oc1.iad.abuwcljrkzza3l5rg56ovlnrl2pjgyimbl6egxgau4fcije3wkbzzxkffpgq",
                            "image": "ocid1.image.oc1.iad.aaaaaaaa2tq67tvbeavcmioghquci6p3pvqwbneq3vfy7fe7m7geiga4cnxa",
                            "launch_mode": "NATIVE",
                            "launch_options.#": "1",
                            "launch_options.0.boot_volume_type": "ISCSI",
                            "launch_options.0.firmware": "UEFI_64",
                            "launch_options.0.network_type": "VFIO",
                            "launch_options.0.remote_data_volume_type": "PARAVIRTUALIZED",
                            "metadata.%": "1",
                            "metadata.ssh_authorized_keys": "ssh-rsa AAAAB3NzaC1yc2EAAAADAQABAAABAQCndZVDz0OwcTgocpiqf1c1wVZAfaYcuSzB53r3bT5KaFeaT7Oaf9yQPomHbrTMmf4K40EZDrMwUTOFezsX0pgMqD2xg5fPrzHeWlnNguq2KI/m3yjg7HmpoXwVGxhP0dLjAGg0uZa6oP2MlGHjCz2omNMUPxyN3VpddRClafT61ozyIse+tJBrrz7SAQKnH8wKsHfBYNlrFV7nqLVdRXn2IFkuXsKVAAgfYHxvJM6UW57zh7i7EJoyT/uZCSj0mtfsSGlNrbfkOwJ0wXMUhXh5pXkotpRhrJxftPEfs2w6Npp0FUCGoK+fE2mIjrToINesmBJ/IH7+xRrfBnYQGQWn opc@instance-20180912-1745",
                            "region": "iad",
                            "shape": "VM.Standard1.2",
                            "source_details.#": "1",
                            "source_details.0.boot_volume_size_in_gbs": "47",
                            "source_details.0.source_id": "ocid1.image.oc1.iad.aaaaaaaa2tq67tvbeavcmioghquci6p3pvqwbneq3vfy7fe7m7geiga4cnxa",
                            "source_details.0.source_type": "image",
                            "state": "TERMINATING",
                            "subnet_id": "ocid1.subnet.oc1.iad.aaaaaaaanm2wosflaruvsh3t44rubneicq6vk73viv57qil5ihrowpzn2plq",
                            "time_created": "2018-09-12 23:32:39.793 +0000 UTC"
                        },
                        "meta": {
                            "e2bfb730-ecaa-11e6-8f88-34363bc7c4c0": {
                                "create": 3600000000000,
                                "delete": 7200000000000,
                                "update": 7200000000000
                            }
                        },
                        "tainted": false
                    },
                    "deposed": [],
                    "provider": "provider.oci"
                }
            },
            "depends_on": []
        }
    ]
}
